
Microsoft Visual Studio Solution File, Format Version 12.00
# Visual Studio 15
VisualStudioVersion = 15.0.26114.2
MinimumVisualStudioVersion = 10.0.40219.1
Project("{FAE04EC0-301F-11D3-BF4B-00C04F79EFBC}") = "StackApis", "StackApis\StackApis.csproj", "{9E85D153-5880-4F9B-AA7A-783B8653F9F5}"
EndProject
Project("{FAE04EC0-301F-11D3-BF4B-00C04F79EFBC}") = "StackApis.ServiceInterface", "StackApis.ServiceInterface\StackApis.ServiceInterface.csproj", "{F5383B6C-A46A-4DDB-9B64-6E2C6BB270E2}"
EndProject
Project("{FAE04EC0-301F-11D3-BF4B-00C04F79EFBC}") = "StackApis.ServiceModel", "StackApis.ServiceModel\StackApis.ServiceModel.csproj", "{720ED405-A0A3-4FB7-9081-9E4A31EE658F}"
EndProject
Project("{FAE04EC0-301F-11D3-BF4B-00C04F79EFBC}") = "StackApis.Tests", "StackApis.Tests\StackApis.Tests.csproj", "{BB4752A7-9031-452B-B26A-05DC44D0D6D3}"
EndProject
Global
	GlobalSection(SolutionConfigurationPlatforms) = preSolution
		Debug|Any CPU = Debug|Any CPU
		Release|Any CPU = Release|Any CPU
	EndGlobalSection
	GlobalSection(ProjectConfigurationPlatforms) = postSolution
		{9E85D153-5880-4F9B-AA7A-783B8653F9F5}.Debug|Any CPU.ActiveCfg = Debug|Any CPU
		{9E85D153-5880-4F9B-AA7A-783B8653F9F5}.Debug|Any CPU.Build.0 = Debug|Any CPU
		{9E85D153-5880-4F9B-AA7A-783B8653F9F5}.Release|Any CPU.ActiveCfg = Release|Any CPU
		{9E85D153-5880-4F9B-AA7A-783B8653F9F5}.Release|Any CPU.Build.0 = Release|Any CPU
		{F5383B6C-A46A-4DDB-9B64-6E2C6BB270E2}.Debug|Any CPU.ActiveCfg = Debug|Any CPU
		{F5383B6C-A46A-4DDB-9B64-6E2C6BB270E2}.Debug|Any CPU.Build.0 = Debug|Any CPU
		{F5383B6C-A46A-4DDB-9B64-6E2C6BB270E2}.Release|Any CPU.ActiveCfg = Release|Any CPU
		{F5383B6C-A46A-4DDB-9B64-6E2C6BB270E2}.Release|Any CPU.Build.0 = Release|Any CPU
		{720ED405-A0A3-4FB7-9081-9E4A31EE658F}.Debug|Any CPU.ActiveCfg = Debug|Any CPU
		{720ED405-A0A3-4FB7-9081-9E4A31EE658F}.Debug|Any CPU.Build.0 = Debug|Any CPU
		{720ED405-A0A3-4FB7-9081-9E4A31EE658F}.Release|Any CPU.ActiveCfg = Release|Any CPU
		{720ED405-A0A3-4FB7-9081-9E4A31EE658F}.Release|Any CPU.Build.0 = Release|Any CPU
		{BB4752A7-9031-452B-B26A-05DC44D0D6D3}.Debug|Any CPU.ActiveCfg = Debug|Any CPU
		{BB4752A7-9031-452B-B26A-05DC44D0D6D3}.Debug|Any CPU.Build.0 = Debug|Any CPU
		{BB4752A7-9031-452B-B26A-05DC44D0D6D3}.Release|Any CPU.ActiveCfg = Release|Any CPU
		{BB4752A7-9031-452B-B26A-05DC44D0D6D3}.Release|Any CPU.Build.0 = Release|Any CPU
	EndGlobalSection
	GlobalSection(SolutionProperties) = preSolution
		HideSolutionNode = FALSE
	EndGlobalSection
EndGlobal
